
Microsoft Visual Studio Solution File, Format Version 12.00
# Visual Studio 15
VisualStudioVersion = 15.0.26228.4
MinimumVisualStudioVersion = 10.0.40219.1
Project("{2150E333-8FDC-42A3-9474-1A3956D46DE8}") = "DxLibAndroidSample_VS2017", "DxLibAndroidSample_VS2017", "{9B1ECA55-BB10-49EC-AFDE-4EACA12DF6C8}"
EndProject
Project("{39E2626F-3545-4960-A6E8-258AD8476CE5}") = "DxLibAndroidSample_VS2017.Packaging", "DxLibAndroidSample_VS2017\DxLibAndroidSample_VS2017.Packaging\DxLibAndroidSample_VS2017.Packaging.androidproj", "{F86B210A-803D-4D88-A8E9-970A34CFAD4A}"
EndProject
Project("{8BC9CEB8-8B4A-11D0-8D11-00A0C91BC942}") = "DxLibAndroidSample_VS2017.NativeActivity", "DxLibAndroidSample_VS2017\DxLibAndroidSample_VS2017.NativeActivity\DxLibAndroidSample_VS2017.NativeActivity.vcxproj", "{968BE267-68AB-4D9C-8883-131A7233C05E}"
EndProject
Global
	GlobalSection(SolutionConfigurationPlatforms) = preSolution
		Debug|ARM = Debug|ARM
		Debug|ARM64 = Debug|ARM64
		Debug|x64 = Debug|x64
		Debug|x86 = Debug|x86
		Release|ARM = Release|ARM
		Release|ARM64 = Release|ARM64
		Release|x64 = Release|x64
		Release|x86 = Release|x86
	EndGlobalSection
	GlobalSection(ProjectConfigurationPlatforms) = postSolution
		{F86B210A-803D-4D88-A8E9-970A34CFAD4A}.Debug|ARM.ActiveCfg = Debug|ARM
		{F86B210A-803D-4D88-A8E9-970A34CFAD4A}.Debug|ARM.Build.0 = Debug|ARM
		{F86B210A-803D-4D88-A8E9-970A34CFAD4A}.Debug|ARM.Deploy.0 = Debug|ARM
		{F86B210A-803D-4D88-A8E9-970A34CFAD4A}.Debug|ARM64.ActiveCfg = Debug|ARM64
		{F86B210A-803D-4D88-A8E9-970A34CFAD4A}.Debug|ARM64.Build.0 = Debug|ARM64
		{F86B210A-803D-4D88-A8E9-970A34CFAD4A}.Debug|ARM64.Deploy.0 = Debug|ARM64
		{F86B210A-803D-4D88-A8E9-970A34CFAD4A}.Debug|x64.ActiveCfg = Debug|x64
		{F86B210A-803D-4D88-A8E9-970A34CFAD4A}.Debug|x64.Build.0 = Debug|x64
		{F86B210A-803D-4D88-A8E9-970A34CFAD4A}.Debug|x64.Deploy.0 = Debug|x64
		{F86B210A-803D-4D88-A8E9-970A34CFAD4A}.Debug|x86.ActiveCfg = Debug|x86
		{F86B210A-803D-4D88-A8E9-970A34CFAD4A}.Debug|x86.Build.0 = Debug|x86
		{F86B210A-803D-4D88-A8E9-970A34CFAD4A}.Debug|x86.Deploy.0 = Debug|x86
		{F86B210A-803D-4D88-A8E9-970A34CFAD4A}.Release|ARM.ActiveCfg = Release|ARM
		{F86B210A-803D-4D88-A8E9-970A34CFAD4A}.Release|ARM.Build.0 = Release|ARM
		{F86B210A-803D-4D88-A8E9-970A34CFAD4A}.Release|ARM.Deploy.0 = Release|ARM
		{F86B210A-803D-4D88-A8E9-970A34CFAD4A}.Release|ARM64.ActiveCfg = Release|ARM64
		{F86B210A-803D-4D88-A8E9-970A34CFAD4A}.Release|ARM64.Build.0 = Release|ARM64
		{F86B210A-803D-4D88-A8E9-970A34CFAD4A}.Release|ARM64.Deploy.0 = Release|ARM64
		{F86B210A-803D-4D88-A8E9-970A34CFAD4A}.Release|x64.ActiveCfg = Release|x64
		{F86B210A-803D-4D88-A8E9-970A34CFAD4A}.Release|x64.Build.0 = Release|x64
		{F86B210A-803D-4D88-A8E9-970A34CFAD4A}.Release|x64.Deploy.0 = Release|x64
		{F86B210A-803D-4D88-A8E9-970A34CFAD4A}.Release|x86.ActiveCfg = Release|x86
		{F86B210A-803D-4D88-A8E9-970A34CFAD4A}.Release|x86.Build.0 = Release|x86
		{F86B210A-803D-4D88-A8E9-970A34CFAD4A}.Release|x86.Deploy.0 = Release|x86
		{968BE267-68AB-4D9C-8883-131A7233C05E}.Debug|ARM.ActiveCfg = Debug|ARM
		{968BE267-68AB-4D9C-8883-131A7233C05E}.Debug|ARM.Build.0 = Debug|ARM
		{968BE267-68AB-4D9C-8883-131A7233C05E}.Debug|ARM64.ActiveCfg = Debug|ARM64
		{968BE267-68AB-4D9C-8883-131A7233C05E}.Debug|ARM64.Build.0 = Debug|ARM64
		{968BE267-68AB-4D9C-8883-131A7233C05E}.Debug|x64.ActiveCfg = Debug|x64
		{968BE267-68AB-4D9C-8883-131A7233C05E}.Debug|x64.Build.0 = Debug|x64
		{968BE267-68AB-4D9C-8883-131A7233C05E}.Debug|x86.ActiveCfg = Debug|x86
		{968BE267-68AB-4D9C-8883-131A7233C05E}.Debug|x86.Build.0 = Debug|x86
		{968BE267-68AB-4D9C-8883-131A7233C05E}.Release|ARM.ActiveCfg = Release|ARM
		{968BE267-68AB-4D9C-8883-131A7233C05E}.Release|ARM.Build.0 = Release|ARM
		{968BE267-68AB-4D9C-8883-131A7233C05E}.Release|ARM64.ActiveCfg = Release|ARM64
		{968BE267-68AB-4D9C-8883-131A7233C05E}.Release|ARM64.Build.0 = Release|ARM64
		{968BE267-68AB-4D9C-8883-131A7233C05E}.Release|x64.ActiveCfg = Release|x64
		{968BE267-68AB-4D9C-8883-131A7233C05E}.Release|x64.Build.0 = Release|x64
		{968BE267-68AB-4D9C-8883-131A7233C05E}.Release|x86.ActiveCfg = Release|x86
		{968BE267-68AB-4D9C-8883-131A7233C05E}.Release|x86.Build.0 = Release|x86
	EndGlobalSection
	GlobalSection(SolutionProperties) = preSolution
		HideSolutionNode = FALSE
	EndGlobalSection
	GlobalSection(NestedProjects) = preSolution
		{F86B210A-803D-4D88-A8E9-970A34CFAD4A} = {9B1ECA55-BB10-49EC-AFDE-4EACA12DF6C8}
		{968BE267-68AB-4D9C-8883-131A7233C05E} = {9B1ECA55-BB10-49EC-AFDE-4EACA12DF6C8}
	EndGlobalSection
EndGlobal
